
Microsoft Visual Studio Solution File, Format Version 12.00
# Visual Studio 15
VisualStudioVersion = 15.0.27428.2015
MinimumVisualStudioVersion = 10.0.40219.1
Project("{9A19103F-16F7-4668-BE54-9A1E7A4F7556}") = "BookStore.BookCatalogService", "BookStore.BookCatalogService\BookStore.BookCatalogService.csproj", "{2A5814E4-84D6-487E-915B-5CFF2E0DC2A7}"
EndProject
Project("{9A19103F-16F7-4668-BE54-9A1E7A4F7556}") = "BookStore.APIGatewayService", "BookStore.APIGatewayService\BookStore.APIGatewayService.csproj", "{424D2DF2-DCF6-4B21-8A5A-A410C599226F}"
EndProject
Project("{9A19103F-16F7-4668-BE54-9A1E7A4F7556}") = "BookStore.CustomerService", "BookStore.CustomerService\BookStore.CustomerService.csproj", "{E2FEEA3D-A815-4F58-919E-F5577789F6F9}"
EndProject
Project("{9A19103F-16F7-4668-BE54-9A1E7A4F7556}") = "BookStore.OrderService", "BookStore.OrderService\BookStore.OrderService.csproj", "{AD599C03-80C5-4649-A00D-7CC7410C9358}"
EndProject
Project("{9A19103F-16F7-4668-BE54-9A1E7A4F7556}") = "BookStore.Contract", "BookStore.Contract\BookStore.Contract.csproj", "{3CDAFE6E-4243-4737-92D0-B386C8E7A13A}"
EndProject
Project("{2150E333-8FDC-42A3-9474-1A3956D46DE8}") = "Solution Items", "Solution Items", "{E93309BD-EEA2-438A-947D-8DF4E865F77D}"
	ProjectSection(SolutionItems) = preProject
		docker-compose.yml = docker-compose.yml
	EndProjectSection
EndProject
Global
	GlobalSection(SolutionConfigurationPlatforms) = preSolution
		Debug|Any CPU = Debug|Any CPU
		Release|Any CPU = Release|Any CPU
	EndGlobalSection
	GlobalSection(ProjectConfigurationPlatforms) = postSolution
		{2A5814E4-84D6-487E-915B-5CFF2E0DC2A7}.Debug|Any CPU.ActiveCfg = Debug|Any CPU
		{2A5814E4-84D6-487E-915B-5CFF2E0DC2A7}.Debug|Any CPU.Build.0 = Debug|Any CPU
		{2A5814E4-84D6-487E-915B-5CFF2E0DC2A7}.Release|Any CPU.ActiveCfg = Release|Any CPU
		{2A5814E4-84D6-487E-915B-5CFF2E0DC2A7}.Release|Any CPU.Build.0 = Release|Any CPU
		{424D2DF2-DCF6-4B21-8A5A-A410C599226F}.Debug|Any CPU.ActiveCfg = Debug|Any CPU
		{424D2DF2-DCF6-4B21-8A5A-A410C599226F}.Debug|Any CPU.Build.0 = Debug|Any CPU
		{424D2DF2-DCF6-4B21-8A5A-A410C599226F}.Release|Any CPU.ActiveCfg = Release|Any CPU
		{424D2DF2-DCF6-4B21-8A5A-A410C599226F}.Release|Any CPU.Build.0 = Release|Any CPU
		{E2FEEA3D-A815-4F58-919E-F5577789F6F9}.Debug|Any CPU.ActiveCfg = Debug|Any CPU
		{E2FEEA3D-A815-4F58-919E-F5577789F6F9}.Debug|Any CPU.Build.0 = Debug|Any CPU
		{E2FEEA3D-A815-4F58-919E-F5577789F6F9}.Release|Any CPU.ActiveCfg = Release|Any CPU
		{E2FEEA3D-A815-4F58-919E-F5577789F6F9}.Release|Any CPU.Build.0 = Release|Any CPU
		{AD599C03-80C5-4649-A00D-7CC7410C9358}.Debug|Any CPU.ActiveCfg = Debug|Any CPU
		{AD599C03-80C5-4649-A00D-7CC7410C9358}.Debug|Any CPU.Build.0 = Debug|Any CPU
		{AD599C03-80C5-4649-A00D-7CC7410C9358}.Release|Any CPU.ActiveCfg = Release|Any CPU
		{AD599C03-80C5-4649-A00D-7CC7410C9358}.Release|Any CPU.Build.0 = Release|Any CPU
		{3CDAFE6E-4243-4737-92D0-B386C8E7A13A}.Debug|Any CPU.ActiveCfg = Debug|Any CPU
		{3CDAFE6E-4243-4737-92D0-B386C8E7A13A}.Debug|Any CPU.Build.0 = Debug|Any CPU
		{3CDAFE6E-4243-4737-92D0-B386C8E7A13A}.Release|Any CPU.ActiveCfg = Release|Any CPU
		{3CDAFE6E-4243-4737-92D0-B386C8E7A13A}.Release|Any CPU.Build.0 = Release|Any CPU
	EndGlobalSection
	GlobalSection(SolutionProperties) = preSolution
		HideSolutionNode = FALSE
	EndGlobalSection
	GlobalSection(ExtensibilityGlobals) = postSolution
		SolutionGuid = {CB0B169F-0CFB-47BA-B377-E6FD98B9CB04}
	EndGlobalSection
EndGlobal
